Microsoft Visual Studio Solution File, Format Version 12.00
# Visual Studio Version 17
VisualStudioVersion = 17.5.2.0
MinimumVisualStudioVersion = 10.0.40219.1
Project("{FAE04EC0-301F-11D3-BF4B-00C04F79EFBC}") = "InvoSys", "InvoSys.csproj", "{D0197388-9986-FD0B-4BBF-9A79A74AF91B}"
EndProject
Global
	GlobalSection(SolutionConfigurationPlatforms) = preSolution
		Debug|Any CPU = Debug|Any CPU
		Release|Any CPU = Release|Any CPU
	EndGlobalSection
	GlobalSection(ProjectConfigurationPlatforms) = postSolution
		{D0197388-9986-FD0B-4BBF-9A79A74AF91B}.Debug|Any CPU.ActiveCfg = Debug|Any CPU
		{D0197388-9986-FD0B-4BBF-9A79A74AF91B}.Debug|Any CPU.Build.0 = Debug|Any CPU
		{D0197388-9986-FD0B-4BBF-9A79A74AF91B}.Release|Any CPU.ActiveCfg = Release|Any CPU
		{D0197388-9986-FD0B-4BBF-9A79A74AF91B}.Release|Any CPU.Build.0 = Release|Any CPU
	EndGlobalSection
	GlobalSection(SolutionProperties) = preSolution
		HideSolutionNode = FALSE
	EndGlobalSection
	GlobalSection(ExtensibilityGlobals) = postSolution
		SolutionGuid = {1A92A7B1-DA50-428D-BD81-33F14FF8F35D}
	EndGlobalSection
EndGlobal
